{
  "name": "hello-xr",
  "version": "1.0.0",
  "lockfileVersion": 3,
  "requires": true,
  "packages": {
    "": {
      "name": "hello-xr",
      "version": "1.0.0",
      "license": "ISC",
      "dependencies": {
        "babylonjs": "^7.0.0"
      }
    },
    "node_modules/babylonjs": {
      "version": "7.0.0",
      "resolved": "https://registry.npmjs.org/babylonjs/-/babylonjs-7.0.0.tgz",
      "integrity": "sha512-tK4qHeuw/Ea161BSwQo4Ni1jE/sr/C2wkuoEEqwv+AdQvnZaATr2QBorj9CtBBY1YssoZRXa+2nNTt2Y8dKApw==",
      "hasInstallScript": true
    }
  }
}
